# This file was autogenerated by Stack.
# You should not edit this file by hand.
# For more information, please see the documentation at:
#   https://docs.haskellstack.org/en/stable/topics/lock_files

packages:
- completed:
    hackage: shakespeare-sass-0.1.4.1@sha256:703e13a18ecf44f4172381c2881d88790c1017e827216300dc3ff0bf1499c0bb,1188
    pantry-tree:
      sha256: 9da9c63032b7f1b90af5c85a3fba21f1481e42ee249e1348304f4af61649e2b7
      size: 278
  original:
    hackage: shakespeare-sass-0.1.4.1
- completed:
    hackage: process-1.6.26.1@sha256:6def2e07c317f52f4d30c43e92f97b7bc5f7c27cb1270d386b15dce429e1180f,2947
    pantry-tree:
      sha256: 4cdf369a03c496a02a67d6d963884ae7b57eead30407881316983394b73cdc2e
      size: 1869
  original:
    hackage: process-1.6.26.1
snapshots:
- completed:
    sha256: d5dc0b770386350f61aa8310d3d347e6ea16466a0b0adb533b64689840eebfd6
    size: 726797
    url: https://raw.githubusercontent.com/commercialhaskell/stackage-snapshots/master/lts/24/31.yaml
  original: lts-24.31
